
Microsoft Visual Studio Solution File, Format Version 12.00
# Visual Studio 15
VisualStudioVersion = 15.0.27130.2020
MinimumVisualStudioVersion = 10.0.40219.1
Project("{FAE04EC0-301F-11D3-BF4B-00C04F79EFBC}") = "StudyML", "StudyML\StudyML.csproj", "{D9ADEF4B-5E21-4049-9C31-7AC88D7E752F}"
EndProject
Global
	GlobalSection(SolutionConfigurationPlatforms) = preSolution
		Debug|Any CPU = Debug|Any CPU
		Release|Any CPU = Release|Any CPU
	EndGlobalSection
	GlobalSection(ProjectConfigurationPlatforms) = postSolution
		{D9ADEF4B-5E21-4049-9C31-7AC88D7E752F}.Debug|Any CPU.ActiveCfg = Debug|Any CPU
		{D9ADEF4B-5E21-4049-9C31-7AC88D7E752F}.Debug|Any CPU.Build.0 = Debug|Any CPU
		{D9ADEF4B-5E21-4049-9C31-7AC88D7E752F}.Release|Any CPU.ActiveCfg = Release|Any CPU
		{D9ADEF4B-5E21-4049-9C31-7AC88D7E752F}.Release|Any CPU.Build.0 = Release|Any CPU
	EndGlobalSection
	GlobalSection(SolutionProperties) = preSolution
		HideSolutionNode = FALSE
	EndGlobalSection
	GlobalSection(ExtensibilityGlobals) = postSolution
		SolutionGuid = {003D7DF6-A401-464D-835E-9C5006089CF4}
	EndGlobalSection
EndGlobal
